
Microsoft Visual Studio Solution File, Format Version 12.00
# Visual Studio 15
VisualStudioVersion = 15.0.28307.136
MinimumVisualStudioVersion = 10.0.40219.1
Project("{FAE04EC0-301F-11D3-BF4B-00C04F79EFBC}") = "EntityFrameworkCore.Paginate", "EntityFrameworkCore.Paginate\EntityFrameworkCore.Paginate.csproj", "{68916D1A-78D7-43EB-987A-6C47CF6935EA}"
EndProject
Project("{9A19103F-16F7-4668-BE54-9A1E7A4F7556}") = "EntityFrameworkCore.UsePaginateTest", "..\..\EntityFrameworkCore.Paginate\EntityFrameworkCore.Paginate\EntityFrameworkCore.Paginate\EntityFrameworkCore.UsePaginateTest\EntityFrameworkCore.UsePaginateTest.csproj", "{BA279881-C648-4A9B-BAF4-250D2F3B5464}"
EndProject
Global
	GlobalSection(SolutionConfigurationPlatforms) = preSolution
		Debug|Any CPU = Debug|Any CPU
		Release|Any CPU = Release|Any CPU
	EndGlobalSection
	GlobalSection(ProjectConfigurationPlatforms) = postSolution
		{68916D1A-78D7-43EB-987A-6C47CF6935EA}.Debug|Any CPU.ActiveCfg = Debug|Any CPU
		{68916D1A-78D7-43EB-987A-6C47CF6935EA}.Debug|Any CPU.Build.0 = Debug|Any CPU
		{68916D1A-78D7-43EB-987A-6C47CF6935EA}.Release|Any CPU.ActiveCfg = Release|Any CPU
		{68916D1A-78D7-43EB-987A-6C47CF6935EA}.Release|Any CPU.Build.0 = Release|Any CPU
		{BA279881-C648-4A9B-BAF4-250D2F3B5464}.Debug|Any CPU.ActiveCfg = Debug|Any CPU
		{BA279881-C648-4A9B-BAF4-250D2F3B5464}.Debug|Any CPU.Build.0 = Debug|Any CPU
		{BA279881-C648-4A9B-BAF4-250D2F3B5464}.Release|Any CPU.ActiveCfg = Release|Any CPU
		{BA279881-C648-4A9B-BAF4-250D2F3B5464}.Release|Any CPU.Build.0 = Release|Any CPU
	EndGlobalSection
	GlobalSection(SolutionProperties) = preSolution
		HideSolutionNode = FALSE
	EndGlobalSection
	GlobalSection(ExtensibilityGlobals) = postSolution
		SolutionGuid = {4C68E40C-6519-4516-A07F-8EED67D2FAE9}
	EndGlobalSection
EndGlobal
